// !$*UTF8*$!
{
	archiveVersion = 1;
	classes = {
	};
	objectVersion = 50;
	objects = {

/* Begin PBXBuildFile section */
		CAE0C6DC271D84D100FEC9C1 /* AppDelegate.swift in Sources */ = {isa = PBXBuildFile; fileRef = CAE0C6DB271D84D100FEC9C1 /* AppDelegate.swift */; };
		CAE0C6DE271D84D100FEC9C1 /* ViewController.swift in Sources */ = {isa = PBXBuildFile; fileRef = CAE0C6DD271D84D100FEC9C1 /* ViewController.swift */; };
		CAE0C6E1271D84D100FEC9C1 /* Main.storyboard in Resources */ = {isa = PBXBuildFile; fileRef = CAE0C6DF271D84D100FEC9C1 /* Main.storyboard */; };
		CAE0C6E3271D84D300FEC9C1 /* Assets.xcassets in Resources */ = {isa = PBXBuildFile; fileRef = CAE0C6E2271D84D300FEC9C1 /* Assets.xcassets */; };
		CAE0C6E6271D84D300FEC9C1 /* LaunchScreen.storyboard in Resources */ = {isa = PBXBuildFile; fileRef = CAE0C6E4271D84D300FEC9C1 /* LaunchScreen.storyboard */; };
/* End PBXBuildFile section */

/* Begin PBXFileReference section */
		CAE0C6D8271D84D100FEC9C1 /* MIPT_IOS_AppStore.app */ = {isa = PBXFileReference; explicitFileType = wrapper.application; includeInIndex = 0; path = MIPT_IOS_AppStore.app; sourceTree = BUILT_PRODUCTS_DIR; };
		CAE0C6DB271D84D100FEC9C1 /* AppDelegate.swift */ = {isa = PBXFileReference; lastKnownFileType = sourcecode.swift; path = AppDelegate.swift; sourceTree = "<group>"; };
		CAE0C6DD271D84D100FEC9C1 /* ViewController.swift */ = {isa = PBXFileReference; lastKnownFileType = sourcecode.swift; path = ViewController.swift; sourceTree = "<group>"; };
		CAE0C6E0271D84D100FEC9C1 /* Base */ = {isa = PBXFileReference; lastKnownFileType = file.storyboard; name = Base; path = Base.lproj/Main.storyboard; sourceTree = "<group>"; };
		CAE0C6E2271D84D300FEC9C1 /* Assets.xcassets */ = {isa = PBXFileReference; lastKnownFileType = folder.assetcatalog; path = Assets.xcassets; sourceTree = "<group>"; };
		CAE0C6E5271D84D300FEC9C1 /* Base */ = {isa = PBXFileReference; lastKnownFileType = file.storyboard; name = Base; path = Base.lproj/LaunchScreen.storyboard; sourceTree = "<group>"; };
		CAE0C6E7271D84D300FEC9C1 /* Info.plist */ = {isa = PBXFileReference; lastKnownFileType = text.plist.xml; path = Info.plist; sourceTree = "<group>"; };
/* End PBXFileReference section */

/* Begin PBXFrameworksBuildPhase section */
		CAE0C6D5271D84D100FEC9C1 /* Frameworks */ = {
			isa = PBXFrameworksBuildPhase;
			buildActionMask = 2147483647;
			files = (
			);
			runOnlyForDeploymentPostprocessing = 0;
		};
/* End PBXFrameworksBuildPhase section */

/* Begin PBXGroup section */
		CAE0C6CF271D84D100FEC9C1 = {
			isa = PBXGroup;
			children = (
				CAE0C6DA271D84D100FEC9C1 /* MIPT_IOS_AppStore */,
				CAE0C6D9271D84D100FEC9C1 /* Products */,
			);
			sourceTree = "<group>";
		};
		CAE0C6D9271D84D100FEC9C1 /* Products */ = {
			isa = PBXGroup;
			children = (
				CAE0C6D8271D84D100FEC9C1 /* MIPT_IOS_AppStore.app */,
			);
			name = Products;
			sourceTree = "<group>";
		};
		CAE0C6DA271D84D100FEC9C1 /* MIPT_IOS_AppStore */ = {
			isa = PBXGroup;
			children = (
				CAE0C6DB271D84D100FEC9C1 /* AppDelegate.swift */,
				CAE0C6DD271D84D100FEC9C1 /* ViewController.swift */,
				CAE0C6DF271D84D100FEC9C1 /* Main.storyboard */,
				CAE0C6E2271D84D300FEC9C1 /* Assets.xcassets */,
				CAE0C6E4271D84D300FEC9C1 /* LaunchScreen.storyboard */,
				CAE0C6E7271D84D300FEC9C1 /* Info.plist */,
			);
			path = MIPT_IOS_AppStore;
			sourceTree = "<group>";
		};
/* End PBXGroup section */

/* Begin PBXNativeTarget section */
		CAE0C6D7271D84D100FEC9C1 /* MIPT_IOS_AppStore */ = {
			isa = PBXNativeTarget;
			buildConfigurationList = CAE0C6EA271D84D300FEC9C1 /* Build configuration list for PBXNativeTarget "MIPT_IOS_AppStore" */;
			buildPhases = (
				CAE0C6D4271D84D100FEC9C1 /* Sources */,
				CAE0C6D5271D84D100FEC9C1 /* Frameworks */,
				CAE0C6D6271D84D100FEC9C1 /* Resources */,
			);
			buildRules = (
			);
			dependencies = (
			);
			name = MIPT_IOS_AppStore;
			productName = MIPT_IOS_AppStore;
			productReference = CAE0C6D8271D84D100FEC9C1 /* MIPT_IOS_AppStore.app */;
			productType = "com.apple.product-type.application";
		};
/* End PBXNativeTarget section */

/* Begin PBXProject section */
		CAE0C6D0271D84D100FEC9C1 /* Project object */ = {
			isa = PBXProject;
			attributes = {
				LastSwiftUpdateCheck = 1020;
				LastUpgradeCheck = 1020;
				ORGANIZATIONNAME = "Андрей Коротков";
				TargetAttributes = {
					CAE0C6D7271D84D100FEC9C1 = {
						CreatedOnToolsVersion = 10.2.1;
					};
				};
			};
			buildConfigurationList = CAE0C6D3271D84D100FEC9C1 /* Build configuration list for PBXProject "MIPT_IOS_AppStore" */;
			compatibilityVersion = "Xcode 9.3";
			developmentRegion = en;
			hasScannedForEncodings = 0;
			knownRegions = (
				en,
				Base,
			);
			mainGroup = CAE0C6CF271D84D100FEC9C1;
			productRefGroup = CAE0C6D9271D84D100FEC9C1 /* Products */;
			projectDirPath = "";
			projectRoot = "";
			targets = (
				CAE0C6D7271D84D100FEC9C1 /* MIPT_IOS_AppStore */,
			);
		};
/* End PBXProject section */

/* Begin PBXResourcesBuildPhase section */
		CAE0C6D6271D84D100FEC9C1 /* Resources */ = {
			isa = PBXResourcesBuildPhase;
			buildActionMask = 2147483647;
			files = (
				CAE0C6E6271D84D300FEC9C1 /* LaunchScreen.storyboard in Resources */,
				CAE0C6E3271D84D300FEC9C1 /* Assets.xcassets in Resources */,
				CAE0C6E1271D84D100FEC9C1 /* Main.storyboard in Resources */,
			);
			runOnlyForDeploymentPostprocessing = 0;
		};
/* End PBXResourcesBuildPhase section */

/* Begin PBXSourcesBuildPhase section */
		CAE0C6D4271D84D100FEC9C1 /* Sources */ = {
			isa = PBXSourcesBuildPhase;
			buildActionMask = 2147483647;
			files = (
				CAE0C6DE271D84D100FEC9C1 /* ViewController.swift in Sources */,
				CAE0C6DC271D84D100FEC9C1 /* AppDelegate.swift in Sources */,
			);
			runOnlyForDeploymentPostprocessing = 0;
		};
/* End PBXSourcesBuildPhase section */

/* Begin PBXVariantGroup section */
		CAE0C6DF271D84D100FEC9C1 /* Main.storyboard */ = {
			isa = PBXVariantGroup;
			children = (
				CAE0C6E0271D84D100FEC9C1 /* Base */,
			);
			name = Main.storyboard;
			sourceTree = "<group>";
		};
		CAE0C6E4271D84D300FEC9C1 /* LaunchScreen.storyboard */ = {
			isa = PBXVariantGroup;
			children = (
				CAE0C6E5271D84D300FEC9C1 /* Base */,
			);
			name = LaunchScreen.storyboard;
			sourceTree = "<group>";
		};
/* End PBXVariantGroup section */

/* Begin XCBuildConfiguration section */
		CAE0C6E8271D84D300FEC9C1 /* Debug */ = {
			isa = XCBuildConfiguration;
			buildSettings = {
				ALWAYS_SEARCH_USER_PATHS = NO;
				CLANG_ANALYZER_NONNULL = YES;
				CLANG_ANALYZER_NUMBER_OBJECT_CONVERSION = YES_AGGRESSIVE;
				CLANG_CXX_LANGUAGE_STANDARD = "gnu++14";
				CLANG_CXX_LIBRARY = "libc++";
				CLANG_ENABLE_MODULES = YES;
				CLANG_ENABLE_OBJC_ARC = YES;
				CLANG_ENABLE_OBJC_WEAK = YES;
				CLANG_WARN_BLOCK_CAPTURE_AUTORELEASING = YES;
				CLANG_WARN_BOOL_CONVERSION = YES;
				CLANG_WARN_COMMA = YES;
				CLANG_WARN_CONSTANT_CONVERSION = YES;
				CLANG_WARN_DEPRECATED_OBJC_IMPLEMENTATIONS = YES;
				CLANG_WARN_DIRECT_OBJC_ISA_USAGE = YES_ERROR;
				CLANG_WARN_DOCUMENTATION_COMMENTS = YES;
				CLANG_WARN_EMPTY_BODY = YES;
				CLANG_WARN_ENUM_CONVERSION = YES;
				CLANG_WARN_INFINITE_RECURSION = YES;
				CLANG_WARN_INT_CONVERSION = YES;
				CLANG_WARN_NON_LITERAL_NULL_CONVERSION = YES;
				CLANG_WARN_OBJC_IMPLICIT_RETAIN_SELF = YES;
				CLANG_WARN_OBJC_LITERAL_CONVERSION = YES;
				CLANG_WARN_OBJC_ROOT_CLASS = YES_ERROR;
				CLANG_WARN_RANGE_LOOP_ANALYSIS = YES;
				CLANG_WARN_STRICT_PROTOTYPES = YES;
				CLANG_WARN_SUSPICIOUS_MOVE = YES;
				CLANG_WARN_UNGUARDED_AVAILABILITY = YES_AGGRESSIVE;
				CLANG_WARN_UNREACHABLE_CODE = YES;
				CLANG_WARN__DUPLICATE_METHOD_MATCH = YES;
				CODE_SIGN_IDENTITY = "iPhone Developer";
				COPY_PHASE_STRIP = NO;
				DEBUG_INFORMATION_FORMAT = dwarf;
				ENABLE_STRICT_OBJC_MSGSEND = YES;
				ENABLE_TESTABILITY = YES;
				GCC_C_LANGUAGE_STANDARD = gnu11;
				GCC_DYNAMIC_NO_PIC = NO;
				GCC_NO_COMMON_BLOCKS = YES;
				GCC_OPTIMIZATION_LEVEL = 0;
				GCC_PREPROCESSOR_DEFINITIONS = (
					"DEBUG=1",
					"$(inherited)",
				);
				GCC_WARN_64_TO_32_BIT_CONVERSION = YES;
				GCC_WARN_ABOUT_RETURN_TYPE = YES_ERROR;
				GCC_WARN_UNDECLARED_SELECTOR = YES;
				GCC_WARN_UNINITIALIZED_AUTOS = YES_AGGRESSIVE;
				GCC_WARN_UNUSED_FUNCTION = YES;
				GCC_WARN_UNUSED_VARIABLE = YES;
				IPHONEOS_DEPLOYMENT_TARGET = 12.2;
				MTL_ENABLE_DEBUG_INFO = INCLUDE_SOURCE;
				MTL_FAST_MATH = YES;
				ONLY_ACTIVE_ARCH = YES;
				SDKROOT = iphoneos;
				SWIFT_ACTIVE_COMPILATION_CONDITIONS = DEBUG;
				SWIFT_OPTIMIZATION_LEVEL = "-Onone";
			};
			name = Debug;
		};
		CAE0C6E9271D84D300FEC9C1 /* Release */ = {
			isa = XCBuildConfiguration;
			buildSettings = {
				ALWAYS_SEARCH_USER_PATHS = NO;
				CLANG_ANALYZER_NONNULL = YES;
				CLANG_ANALYZER_NUMBER_OBJECT_CONVERSION = YES_AGGRESSIVE;
				CLANG_CXX_LANGUAGE_STANDARD = "gnu++14";
				CLANG_CXX_LIBRARY = "libc++";
				CLANG_ENABLE_MODULES = YES;
				CLANG_ENABLE_OBJC_ARC = YES;
				CLANG_ENABLE_OBJC_WEAK = YES;
				CLANG_WARN_BLOCK_CAPTURE_AUTORELEASING = YES;
				CLANG_WARN_BOOL_CONVERSION = YES;
				CLANG_WARN_COMMA = YES;
				CLANG_WARN_CONSTANT_CONVERSION = YES;
				CLANG_WARN_DEPRECATED_OBJC_IMPLEMENTATIONS = YES;
				CLANG_WARN_DIRECT_OBJC_ISA_USAGE = YES_ERROR;
				CLANG_WARN_DOCUMENTATION_COMMENTS = YES;
				CLANG_WARN_EMPTY_BODY = YES;
				CLANG_WARN_ENUM_CONVERSION = YES;
				CLANG_WARN_INFINITE_RECURSION = YES;
				CLANG_WARN_INT_CONVERSION = YES;
				CLANG_WARN_NON_LITERAL_NULL_CONVERSION = YES;
				CLANG_WARN_OBJC_IMPLICIT_RETAIN_SELF = YES;
				CLANG_WARN_OBJC_LITERAL_CONVERSION = YES;
				CLANG_WARN_OBJC_ROOT_CLASS = YES_ERROR;
				CLANG_WARN_RANGE_LOOP_ANALYSIS = YES;
				CLANG_WARN_STRICT_PROTOTYPES = YES;
				CLANG_WARN_SUSPICIOUS_MOVE = YES;
				CLANG_WARN_UNGUARDED_AVAILABILITY = YES_AGGRESSIVE;
				CLANG_WARN_UNREACHABLE_CODE = YES;
				CLANG_WARN__DUPLICATE_METHOD_MATCH = YES;
				CODE_SIGN_IDENTITY = "iPhone Developer";
				COPY_PHASE_STRIP = NO;
				DEBUG_INFORMATION_FORMAT = "dwarf-with-dsym";
				ENABLE_NS_ASSERTIONS = NO;
				ENABLE_STRICT_OBJC_MSGSEND = YES;
				GCC_C_LANGUAGE_STANDARD = gnu11;
				GCC_NO_COMMON_BLOCKS = YES;
				GCC_WARN_64_TO_32_BIT_CONVERSION = YES;
				GCC_WARN_ABOUT_RETURN_TYPE = YES_ERROR;
				GCC_WARN_UNDECLARED_SELECTOR = YES;
				GCC_WARN_UNINITIALIZED_AUTOS = YES_AGGRESSIVE;
				GCC_WARN_UNUSED_FUNCTION = YES;
				GCC_WARN_UNUSED_VARIABLE = YES;
				IPHONEOS_DEPLOYMENT_TARGET = 12.2;
				MTL_ENABLE_DEBUG_INFO = NO;
				MTL_FAST_MATH = YES;
				SDKROOT = iphoneos;
				SWIFT_COMPILATION_MODE = wholemodule;
				SWIFT_OPTIMIZATION_LEVEL = "-O";
				VALIDATE_PRODUCT = YES;
			};
			name = Release;
		};
		CAE0C6EB271D84D300FEC9C1 /* Debug */ = {
			isa = XCBuildConfiguration;
			buildSettings = {
				ASSETCATALOG_COMPILER_APPICON_NAME = AppIcon;
				CODE_SIGN_STYLE = Automatic;
				INFOPLIST_FILE = MIPT_IOS_AppStore/Info.plist;
				LD_RUNPATH_SEARCH_PATHS = (
					"$(inherited)",
					"@executable_path/Frameworks",
				);
				PRODUCT_BUNDLE_IDENTIFIER = "com.mipt.MIPT-IOS-AppStore";
				PRODUCT_NAME = "$(TARGET_NAME)";
				SWIFT_VERSION = 5.0;
				TARGETED_DEVICE_FAMILY = "1,2";
			};
			name = Debug;
		};
		CAE0C6EC271D84D300FEC9C1 /* Release */ = {
			isa = XCBuildConfiguration;
			buildSettings = {
				ASSETCATALOG_COMPILER_APPICON_NAME = AppIcon;
				CODE_SIGN_STYLE = Automatic;
				INFOPLIST_FILE = MIPT_IOS_AppStore/Info.plist;
				LD_RUNPATH_SEARCH_PATHS = (
					"$(inherited)",
					"@executable_path/Frameworks",
				);
				PRODUCT_BUNDLE_IDENTIFIER = "com.mipt.MIPT-IOS-AppStore";
				PRODUCT_NAME = "$(TARGET_NAME)";
				SWIFT_VERSION = 5.0;
				TARGETED_DEVICE_FAMILY = "1,2";
			};
			name = Release;
		};
/* End XCBuildConfiguration section */

/* Begin XCConfigurationList section */
		CAE0C6D3271D84D100FEC9C1 /* Build configuration list for PBXProject "MIPT_IOS_AppStore" */ = {
			isa = XCConfigurationList;
			buildConfigurations = (
				CAE0C6E8271D84D300FEC9C1 /* Debug */,
				CAE0C6E9271D84D300FEC9C1 /* Release */,
			);
			defaultConfigurationIsVisible = 0;
			defaultConfigurationName = Release;
		};
		CAE0C6EA271D84D300FEC9C1 /* Build configuration list for PBXNativeTarget "MIPT_IOS_AppStore" */ = {
			isa = XCConfigurationList;
			buildConfigurations = (
				CAE0C6EB271D84D300FEC9C1 /* Debug */,
				CAE0C6EC271D84D300FEC9C1 /* Release */,
			);
			defaultConfigurationIsVisible = 0;
			defaultConfigurationName = Release;
		};
/* End XCConfigurationList section */
	};
	rootObject = CAE0C6D0271D84D100FEC9C1 /* Project object */;
}
